
Microsoft Visual Studio Solution File, Format Version 12.00
# Visual Studio Version 17
VisualStudioVersion = 17.5.002.0
MinimumVisualStudioVersion = 10.0.40219.1
Project("{9A19103F-16F7-4668-BE54-9A1E7A4F7556}") = "TechStore", "TechStore.csproj", "{D9F1A80D-0B4E-460F-90DA-1BFEFFA7068A}"
EndProject
Global
	GlobalSection(SolutionConfigurationPlatforms) = preSolution
		Debug|Any CPU = Debug|Any CPU
		Release|Any CPU = Release|Any CPU
	EndGlobalSection
	GlobalSection(ProjectConfigurationPlatforms) = postSolution
		{D9F1A80D-0B4E-460F-90DA-1BFEFFA7068A}.Debug|Any CPU.ActiveCfg = Debug|Any CPU
		{D9F1A80D-0B4E-460F-90DA-1BFEFFA7068A}.Debug|Any CPU.Build.0 = Debug|Any CPU
		{D9F1A80D-0B4E-460F-90DA-1BFEFFA7068A}.Release|Any CPU.ActiveCfg = Release|Any CPU
		{D9F1A80D-0B4E-460F-90DA-1BFEFFA7068A}.Release|Any CPU.Build.0 = Release|Any CPU
	EndGlobalSection
	GlobalSection(SolutionProperties) = preSolution
		HideSolutionNode = FALSE
	EndGlobalSection
	GlobalSection(ExtensibilityGlobals) = postSolution
		SolutionGuid = {49DDFB00-35C1-4799-B0A9-32E1402A3AF5}
	EndGlobalSection
EndGlobal
